
Microsoft Visual Studio Solution File, Format Version 12.00
# Visual Studio 14
VisualStudioVersion = 14.0.25420.1
MinimumVisualStudioVersion = 10.0.40219.1
Project("{8BC9CEB8-8B4A-11D0-8D11-00A0C91BC942}") = "Helper", "Helper\Helper.vcxproj", "{2371D423-A421-4C9E-BB46-AAAAAAA21E33}"
EndProject
Project("{8BC9CEB8-8B4A-11D0-8D11-00A0C91BC942}") = "Public", "Public\Public.vcxproj", "{245361BC-A19B-9224-AEF8-E3439D63012A}"
EndProject
Project("{8BC9CEB8-8B4A-11D0-8D11-00A0C91BC942}") = "Private", "Private\Private.vcxproj", "{D5778908-DE27-4731-AAB3-2F4EB65641A1}"
EndProject
Project("{8BC9CEB8-8B4A-11D0-8D11-00A0C91BC942}") = "PrivateLib", "PrivateLib\PrivateLib.vcxproj", "{C1914555-8DCA-4831-95FB-7EA72B8EF9A9}"
EndProject
Project("{8BC9CEB8-8B4A-11D0-8D11-00A0C91BC942}") = "Resource", "Resource\Resource.vcxproj", "{12344E51-4D53-413A-B809-AF43384B4A8A}"
	ProjectSection(ProjectDependencies) = postProject
	EndProjectSection
EndProject
Project("{8BC9CEB8-8B4A-11D0-8D11-00A0C91BC942}") = "DXHHTest", "DXHHTest\DXHHTest.vcxproj", "{D2029061-6F58-43AB-9ED3-C274DA438A3E}"
	ProjectSection(ProjectDependencies) = postProject
		{245361BC-A19B-9224-AEF8-E3439D63012A} = {245361BC-A19B-9224-AEF8-E3439D63012A}
		{85D93007-DA13-47F0-B9D7-8884FDA0B52D} = {85D93007-DA13-47F0-B9D7-8884FDA0B52D}
	EndProjectSection
EndProject
Project("{8BC9CEB8-8B4A-11D0-8D11-00A0C91BC942}") = "MDraw", "MDraw\MDraw.vcxproj", "{85D93007-DA13-47F0-B9D7-8884FDA0B52D}"
	ProjectSection(ProjectDependencies) = postProject
		{12344E51-4D53-413A-B809-AF43384B4A8A} = {12344E51-4D53-413A-B809-AF43384B4A8A}
		{245361BC-A19B-9224-AEF8-E3439D63012A} = {245361BC-A19B-9224-AEF8-E3439D63012A}
		{942A02F8-EEDD-4BBD-95E7-D1F8705E4B67} = {942A02F8-EEDD-4BBD-95E7-D1F8705E4B67}
	EndProjectSection
EndProject
Global
	GlobalSection(SolutionConfigurationPlatforms) = preSolution
		Debug|Any CPU = Debug|Any CPU
		Debug|x64 = Debug|x64
		Debug|x86 = Debug|x86
		Release|Any CPU = Release|Any CPU
		Release|x64 = Release|x64
		Release|x86 = Release|x86
	EndGlobalSection
	GlobalSection(ProjectConfigurationPlatforms) = postSolution
		{2371D423-A421-4C9E-BB46-AAAAAAA21E33}.Debug|Any CPU.ActiveCfg = Debug|Win32
		{2371D423-A421-4C9E-BB46-AAAAAAA21E33}.Debug|x64.ActiveCfg = Debug|Win32
		{2371D423-A421-4C9E-BB46-AAAAAAA21E33}.Debug|x86.ActiveCfg = Debug|Win32
		{2371D423-A421-4C9E-BB46-AAAAAAA21E33}.Debug|x86.Build.0 = Debug|Win32
		{54261209-6457-4F4F-A89C-46B19EB9999D}.Debug|Any CPU.ActiveCfg = Debug|Win32
		{54261209-6457-4F4F-A89C-46B19EB9999D}.Debug|x64.ActiveCfg = Debug|Win32
		{54261209-6457-4F4F-A89C-46B19EB9999D}.Debug|x86.ActiveCfg = Debug|Win32
		{54261209-6457-4F4F-A89C-46B19EB9999D}.Debug|x86.Build.0 = Debug|Win32
		{54261209-6457-4F4F-A89C-46B19EB9999D}.Release|Any CPU.ActiveCfg = Release|Win32
		{54261209-6457-4F4F-A89C-46B19EB9999D}.Release|x64.ActiveCfg = Release|Win32
		{54261209-6457-4F4F-A89C-46B19EB9999D}.Release|x86.ActiveCfg = Release|Win32
		{C4A428D6-4BD1-411E-9BDF-FA91A4A7FF69}.Debug|x64.ActiveCfg = Debug|Win32
	EndGlobalSection
	GlobalSection(SolutionProperties) = preSolution
		HideSolutionNode = FALSE
	EndGlobalSection
EndGlobal
